
Microsoft Visual Studio Solution File, Format Version 12.00
# Visual Studio 2012
Project("{FAE04EC0-301F-11D3-BF4B-00C04F79EFBC}") = "ChanThreadWatch", "ChanThreadWatch.csproj", "{1DAC6953-5A72-45F4-8677-3F2B0A15F32A}"
EndProject
Global
	GlobalSection(SolutionConfigurationPlatforms) = preSolution
		Debug|Any CPU = Debug|Any CPU
		Release|Any CPU = Release|Any CPU
	EndGlobalSection
	GlobalSection(ProjectConfigurationPlatforms) = postSolution
		{1DAC6953-5A72-45F4-8677-3F2B0A15F32A}.Debug|Any CPU.ActiveCfg = Debug|Any CPU
		{1DAC6953-5A72-45F4-8677-3F2B0A15F32A}.Debug|Any CPU.Build.0 = Debug|Any CPU
		{1DAC6953-5A72-45F4-8677-3F2B0A15F32A}.Release|Any CPU.ActiveCfg = Release|Any CPU
		{1DAC6953-5A72-45F4-8677-3F2B0A15F32A}.Release|Any CPU.Build.0 = Release|Any CPU
	EndGlobalSection
	GlobalSection(SolutionProperties) = preSolution
		HideSolutionNode = FALSE
	EndGlobalSection
	GlobalSection(MonoDevelopProperties) = preSolution
		Policies = $0
		$0.DotNetNamingPolicy = $1
		$1.DirectoryNamespaceAssociation = PrefixedHierarchical
		$0.TextStylePolicy = $2
		$2.scope = text/x-csharp
		$2.FileWidth = 80
		$0.CSharpFormattingPolicy = $3
		$3.scope = text/x-csharp
		$3.IndentSwitchSection = False
		$3.NewLinesForBracesInTypes = False
		$3.NewLinesForBracesInProperties = False
		$3.NewLinesForBracesInAccessors = False
		$3.NewLinesForBracesInAnonymousMethods = False
		$3.NewLinesForBracesInControlBlocks = False
		$3.NewLinesForBracesInAnonymousTypes = False
		$3.NewLinesForBracesInObjectCollectionArrayInitializers = False
		$3.NewLinesForBracesInLambdaExpressionBody = False
		$3.NewLineForElse = False
		$3.NewLineForCatch = False
		$3.NewLineForFinally = False
		$3.NewLineForMembersInObjectInit = False
		$3.NewLineForMembersInAnonymousTypes = False
		$3.NewLineForClausesInQuery = False
		$3.SpacingAfterMethodDeclarationName = True
		$3.SpaceAfterMethodCallName = True
		$3.SpaceBeforeOpenSquareBracket = True
		$3.NewLinesForBracesInMethods = False
		$0.TextStylePolicy = $4
		$4.FileWidth = 80
		$4.scope = text/plain
		$0.TextStylePolicy = $5
		$5.inheritsSet = null
		$5.scope = text/microsoft-resx
		$0.XmlFormattingPolicy = $6
		$6.inheritsSet = null
		$6.scope = text/microsoft-resx
		$0.TextStylePolicy = $7
		$7.inheritsSet = null
		$7.scope = application/xml
		$0.XmlFormattingPolicy = $8
		$8.scope = application/xml
		$0.TextStylePolicy = $9
		$9.inheritsSet = null
		$9.scope = application/config+xml
		$0.XmlFormattingPolicy = $10
		$10.inheritsSet = null
		$10.scope = application/config+xml
		$0.TextStylePolicy = $11
		$11.inheritsSet = null
		$11.scope = application/manifest+xml
		$0.XmlFormattingPolicy = $12
		$12.inheritsSet = null
		$12.scope = application/manifest+xml
	EndGlobalSection
EndGlobal
